{
  "nodes": {
    "datalad": {
      "flake": false,
      "locked": {
        "lastModified": 1748057058,
        "narHash": "sha256-He9qA8ylGEghB5ZA1K64/XQxigDniQ1WwefDgaOuVRA=",
        "owner": "datalad",
        "repo": "datalad",
        "rev": "e4bfe011c79610731bbf35f6fc5868acfd2076aa",
        "type": "github"
      },
      "original": {
        "owner": "datalad",
        "repo": "datalad",
        "type": "github"
      }
    },
    "datalad-container": {
      "flake": false,
      "locked": {
        "lastModified": 1747571421,
        "narHash": "sha256-txqI7vJzL+hr3BGgju7AdcYF0jL2FdkCVzanIDIIotI=",
        "owner": "datalad",
        "repo": "datalad-container",
        "rev": "e9bba2a6566abf0e0a788dc06c56a468f8400d1f",
        "type": "github"
      },
      "original": {
        "owner": "datalad",
        "repo": "datalad-container",
        "type": "github"
      }
    },
    "flake-utils": {
      "inputs": {
        "systems": "systems"
      },
      "locked": {
        "lastModified": 1731533236,
        "narHash": "sha256-l0KFg5HjrsfsO/JpG+r7fRrqm12kzFHyUHqHCVpMMbI=",
        "owner": "numtide",
        "repo": "flake-utils",
        "rev": "11707dc2f618dd54ca8739b309ec4fc024de578b",
        "type": "github"
      },
      "original": {
        "owner": "numtide",
        "repo": "flake-utils",
        "type": "github"
      }
    },
    "home-manager": {
      "inputs": {
        "nixpkgs": [
          "nixpkgs-unstable"
        ]
      },
      "locked": {
        "lastModified": 1748182899,
        "narHash": "sha256-r6MHSalDFydlUmjorVTSsyhLjIt8VWNtGc5+mffXvFQ=",
        "owner": "nix-community",
        "repo": "home-manager",
        "rev": "901f8fef7f349cf8a8e97b3230b22fd592df9160",
        "type": "github"
      },
      "original": {
        "owner": "nix-community",
        "repo": "home-manager",
        "type": "github"
      }
    },
    "nix-github-actions": {
      "inputs": {
        "nixpkgs": [
          "nixpkgs-unstable"
        ]
      },
      "locked": {
        "lastModified": 1737420293,
        "narHash": "sha256-F1G5ifvqTpJq7fdkT34e/Jy9VCyzd5XfJ9TO8fHhJWE=",
        "owner": "nix-community",
        "repo": "nix-github-actions",
        "rev": "f4158fa080ef4503c8f4c820967d946c2af31ec9",
        "type": "github"
      },
      "original": {
        "owner": "nix-community",
        "repo": "nix-github-actions",
        "type": "github"
      }
    },
    "nixpkgs-unstable": {
      "locked": {
        "lastModified": 1747958103,
        "narHash": "sha256-qmmFCrfBwSHoWw7cVK4Aj+fns+c54EBP8cGqp/yK410=",
        "owner": "NixOS",
        "repo": "nixpkgs",
        "rev": "fe51d34885f7b5e3e7b59572796e1bcb427eccb1",
        "type": "github"
      },
      "original": {
        "owner": "NixOS",
        "ref": "nixpkgs-unstable",
        "repo": "nixpkgs",
        "type": "github"
      }
    },
    "root": {
      "inputs": {
        "datalad": "datalad",
        "datalad-container": "datalad-container",
        "flake-utils": "flake-utils",
        "home-manager": "home-manager",
        "nix-github-actions": "nix-github-actions",
        "nixpkgs-unstable": "nixpkgs-unstable",
        "treefmt-nix": "treefmt-nix"
      }
    },
    "systems": {
      "locked": {
        "lastModified": 1681028828,
        "narHash": "sha256-Vy1rq5AaRuLzOxct8nz4T6wlgyUR7zLU309k9mBC768=",
        "owner": "nix-systems",
        "repo": "default",
        "rev": "da67096a3b9bf56a91d16901293e51ba5b49a27e",
        "type": "github"
      },
      "original": {
        "owner": "nix-systems",
        "repo": "default",
        "type": "github"
      }
    },
    "treefmt-nix": {
      "inputs": {
        "nixpkgs": [
          "nixpkgs-unstable"
        ]
      },
      "locked": {
        "lastModified": 1747912973,
        "narHash": "sha256-XgxghfND8TDypxsMTPU2GQdtBEsHTEc3qWE6RVEk8O0=",
        "owner": "numtide",
        "repo": "treefmt-nix",
        "rev": "020cb423808365fa3f10ff4cb8c0a25df35065a3",
        "type": "github"
      },
      "original": {
        "owner": "numtide",
        "repo": "treefmt-nix",
        "type": "github"
      }
    }
  },
  "root": "root",
  "version": 7
}
