{
  "nodes": {
    "datalad": {
      "flake": false,
      "locked": {
        "lastModified": 1748279030,
        "narHash": "sha256-XaTx84sZih6cuZ9cg4ziY9N8UBrzRnPjMbTpAJL3Dn8=",
        "ref": "refs/heads/maint",
        "rev": "2e48124b04fed336acdfb43503e3c8afc05da19f",
        "revCount": 17378,
        "type": "git",
        "url": "https://github.com/datalad/datalad.git"
      },
      "original": {
        "type": "git",
        "url": "https://github.com/datalad/datalad.git"
      }
    },
    "datalad-container": {
      "flake": false,
      "locked": {
        "lastModified": 1747571421,
        "narHash": "sha256-txqI7vJzL+hr3BGgju7AdcYF0jL2FdkCVzanIDIIotI=",
        "owner": "datalad",
        "repo": "datalad-container",
        "rev": "e9bba2a6566abf0e0a788dc06c56a468f8400d1f",
        "type": "github"
      },
      "original": {
        "owner": "datalad",
        "repo": "datalad-container",
        "type": "github"
      }
    },
    "flake-utils": {
      "inputs": {
        "systems": "systems"
      },
      "locked": {
        "lastModified": 1731533236,
        "narHash": "sha256-l0KFg5HjrsfsO/JpG+r7fRrqm12kzFHyUHqHCVpMMbI=",
        "owner": "numtide",
        "repo": "flake-utils",
        "rev": "11707dc2f618dd54ca8739b309ec4fc024de578b",
        "type": "github"
      },
      "original": {
        "owner": "numtide",
        "repo": "flake-utils",
        "type": "github"
      }
    },
    "home-manager": {
      "inputs": {
        "nixpkgs": [
          "nixpkgs-unstable"
        ]
      },
      "locked": {
        "lastModified": 1748391243,
        "narHash": "sha256-7sCuihzsTRZemtbTXaFUoGJUfuQErhKEcL9v7HKIo1k=",
        "owner": "nix-community",
        "repo": "home-manager",
        "rev": "f5b12be834874f7661db4ced969a621ab2d57971",
        "type": "github"
      },
      "original": {
        "owner": "nix-community",
        "repo": "home-manager",
        "type": "github"
      }
    },
    "nix-github-actions": {
      "inputs": {
        "nixpkgs": [
          "nixpkgs-unstable"
        ]
      },
      "locked": {
        "lastModified": 1737420293,
        "narHash": "sha256-F1G5ifvqTpJq7fdkT34e/Jy9VCyzd5XfJ9TO8fHhJWE=",
        "owner": "nix-community",
        "repo": "nix-github-actions",
        "rev": "f4158fa080ef4503c8f4c820967d946c2af31ec9",
        "type": "github"
      },
      "original": {
        "owner": "nix-community",
        "repo": "nix-github-actions",
        "type": "github"
      }
    },
    "nixpkgs-unstable": {
      "locked": {
        "lastModified": 1748344075,
        "narHash": "sha256-PsZAY3H0e/PBoDVn4fLwGEmeSwESj7SZPZ6CMfgbWFU=",
        "owner": "NixOS",
        "repo": "nixpkgs",
        "rev": "e0042dedfbc9134ef973f64e5c7f56a38cc5cc97",
        "type": "github"
      },
      "original": {
        "owner": "NixOS",
        "ref": "nixpkgs-unstable",
        "repo": "nixpkgs",
        "type": "github"
      }
    },
    "root": {
      "inputs": {
        "datalad": "datalad",
        "datalad-container": "datalad-container",
        "flake-utils": "flake-utils",
        "home-manager": "home-manager",
        "nix-github-actions": "nix-github-actions",
        "nixpkgs-unstable": "nixpkgs-unstable",
        "treefmt-nix": "treefmt-nix"
      }
    },
    "systems": {
      "locked": {
        "lastModified": 1681028828,
        "narHash": "sha256-Vy1rq5AaRuLzOxct8nz4T6wlgyUR7zLU309k9mBC768=",
        "owner": "nix-systems",
        "repo": "default",
        "rev": "da67096a3b9bf56a91d16901293e51ba5b49a27e",
        "type": "github"
      },
      "original": {
        "owner": "nix-systems",
        "repo": "default",
        "type": "github"
      }
    },
    "treefmt-nix": {
      "inputs": {
        "nixpkgs": [
          "nixpkgs-unstable"
        ]
      },
      "locked": {
        "lastModified": 1748243702,
        "narHash": "sha256-9YzfeN8CB6SzNPyPm2XjRRqSixDopTapaRsnTpXUEY8=",
        "owner": "numtide",
        "repo": "treefmt-nix",
        "rev": "1f3f7b784643d488ba4bf315638b2b0a4c5fb007",
        "type": "github"
      },
      "original": {
        "owner": "numtide",
        "repo": "treefmt-nix",
        "type": "github"
      }
    }
  },
  "root": "root",
  "version": 7
}
